
Microsoft Visual Studio Solution File, Format Version 12.00
# Visual Studio Version 17
VisualStudioVersion = 17.8.34525.116
MinimumVisualStudioVersion = 10.0.40219.1
Project("{FAE04EC0-301F-11D3-BF4B-00C04F79EFBC}") = "WeatherForecast", "WeatherForecast\WeatherForecast.csproj", "{6D484D14-57C3-407C-9F73-69D61C3453BF}"
EndProject
Project("{FAE04EC0-301F-11D3-BF4B-00C04F79EFBC}") = "WeatherForecastSubscriber", "WeatherForecastSubscriber\WeatherForecastSubscriber.csproj", "{9F9E8FF3-E1DA-430D-9387-1D380954DB73}"
EndProject
Project("{FAE04EC0-301F-11D3-BF4B-00C04F79EFBC}") = "JwtClient", "JwtClient\JwtClient.csproj", "{ADC981D5-6DF0-455E-B931-1ECDE2D2A162}"
EndProject
Global
	GlobalSection(SolutionConfigurationPlatforms) = preSolution
		Debug|Any CPU = Debug|Any CPU
		Release|Any CPU = Release|Any CPU
	EndGlobalSection
	GlobalSection(ProjectConfigurationPlatforms) = postSolution
		{6D484D14-57C3-407C-9F73-69D61C3453BF}.Debug|Any CPU.ActiveCfg = Debug|Any CPU
		{6D484D14-57C3-407C-9F73-69D61C3453BF}.Debug|Any CPU.Build.0 = Debug|Any CPU
		{6D484D14-57C3-407C-9F73-69D61C3453BF}.Release|Any CPU.ActiveCfg = Release|Any CPU
		{6D484D14-57C3-407C-9F73-69D61C3453BF}.Release|Any CPU.Build.0 = Release|Any CPU
		{9F9E8FF3-E1DA-430D-9387-1D380954DB73}.Debug|Any CPU.ActiveCfg = Debug|Any CPU
		{9F9E8FF3-E1DA-430D-9387-1D380954DB73}.Debug|Any CPU.Build.0 = Debug|Any CPU
		{9F9E8FF3-E1DA-430D-9387-1D380954DB73}.Release|Any CPU.ActiveCfg = Release|Any CPU
		{9F9E8FF3-E1DA-430D-9387-1D380954DB73}.Release|Any CPU.Build.0 = Release|Any CPU
		{ADC981D5-6DF0-455E-B931-1ECDE2D2A162}.Debug|Any CPU.ActiveCfg = Debug|Any CPU
		{ADC981D5-6DF0-455E-B931-1ECDE2D2A162}.Debug|Any CPU.Build.0 = Debug|Any CPU
		{ADC981D5-6DF0-455E-B931-1ECDE2D2A162}.Release|Any CPU.ActiveCfg = Release|Any CPU
		{ADC981D5-6DF0-455E-B931-1ECDE2D2A162}.Release|Any CPU.Build.0 = Release|Any CPU
	EndGlobalSection
	GlobalSection(SolutionProperties) = preSolution
		HideSolutionNode = FALSE
	EndGlobalSection
	GlobalSection(ExtensibilityGlobals) = postSolution
		SolutionGuid = {A3622285-BDA1-4150-A05F-AF1F89B6D46E}
	EndGlobalSection
EndGlobal
